
Microsoft Visual Studio Solution File, Format Version 12.00
# Visual Studio 15
VisualStudioVersion = 15.0.27004.2005
MinimumVisualStudioVersion = 10.0.40219.1
Project("{FAE04EC0-301F-11D3-BF4B-00C04F79EFBC}") = "AcrylicWindowSample", "AcrylicWindowSample\AcrylicWindowSample.csproj", "{F65697A2-D850-4B18-9731-3C772BAF2052}"
EndProject
Global
	GlobalSection(SolutionConfigurationPlatforms) = preSolution
		Debug|Any CPU = Debug|Any CPU
		Release|Any CPU = Release|Any CPU
	EndGlobalSection
	GlobalSection(ProjectConfigurationPlatforms) = postSolution
		{F65697A2-D850-4B18-9731-3C772BAF2052}.Debug|Any CPU.ActiveCfg = Debug|Any CPU
		{F65697A2-D850-4B18-9731-3C772BAF2052}.Debug|Any CPU.Build.0 = Debug|Any CPU
		{F65697A2-D850-4B18-9731-3C772BAF2052}.Release|Any CPU.ActiveCfg = Release|Any CPU
		{F65697A2-D850-4B18-9731-3C772BAF2052}.Release|Any CPU.Build.0 = Release|Any CPU
	EndGlobalSection
	GlobalSection(SolutionProperties) = preSolution
		HideSolutionNode = FALSE
	EndGlobalSection
	GlobalSection(ExtensibilityGlobals) = postSolution
		SolutionGuid = {88497701-934A-4356-8570-D3E37118F9F4}
	EndGlobalSection
EndGlobal
